
Microsoft Visual Studio Solution File, Format Version 12.00
# Visual Studio Version 16
VisualStudioVersion = 16.0.30907.101
MinimumVisualStudioVersion = 10.0.40219.1
Project("{FAE04EC0-301F-11D3-BF4B-00C04F79EFBC}") = "Fast Food Restaurant", "Fast Food Restaurant\Fast Food Restaurant.csproj", "{B5A6CEFC-5180-4CC9-A5D3-15AB11B13554}"
EndProject
Global
	GlobalSection(SolutionConfigurationPlatforms) = preSolution
		Debug|Any CPU = Debug|Any CPU
		Release|Any CPU = Release|Any CPU
	EndGlobalSection
	GlobalSection(ProjectConfigurationPlatforms) = postSolution
		{B5A6CEFC-5180-4CC9-A5D3-15AB11B13554}.Debug|Any CPU.ActiveCfg = Debug|Any CPU
		{B5A6CEFC-5180-4CC9-A5D3-15AB11B13554}.Debug|Any CPU.Build.0 = Debug|Any CPU
		{B5A6CEFC-5180-4CC9-A5D3-15AB11B13554}.Release|Any CPU.ActiveCfg = Release|Any CPU
		{B5A6CEFC-5180-4CC9-A5D3-15AB11B13554}.Release|Any CPU.Build.0 = Release|Any CPU
	EndGlobalSection
	GlobalSection(SolutionProperties) = preSolution
		HideSolutionNode = FALSE
	EndGlobalSection
	GlobalSection(ExtensibilityGlobals) = postSolution
		SolutionGuid = {3EF6288C-FD30-43EF-AABC-B21A9A2A5391}
	EndGlobalSection
EndGlobal
